
Microsoft Visual Studio Solution File, Format Version 12.00
# Visual Studio Version 16
VisualStudioVersion = 16.0.30523.141
MinimumVisualStudioVersion = 10.0.40219.1
Project("{FAE04EC0-301F-11D3-BF4B-00C04F79EFBC}") = "DockerHackathon", "DockerHackathon.csproj", "{FBE03F7F-36F3-48EB-A13F-F70501B04E98}"
EndProject
Global
	GlobalSection(SolutionConfigurationPlatforms) = preSolution
		Debug|Any CPU = Debug|Any CPU
		Release|Any CPU = Release|Any CPU
	EndGlobalSection
	GlobalSection(ProjectConfigurationPlatforms) = postSolution
		{FBE03F7F-36F3-48EB-A13F-F70501B04E98}.Debug|Any CPU.ActiveCfg = Debug|Any CPU
		{FBE03F7F-36F3-48EB-A13F-F70501B04E98}.Debug|Any CPU.Build.0 = Debug|Any CPU
		{FBE03F7F-36F3-48EB-A13F-F70501B04E98}.Release|Any CPU.ActiveCfg = Release|Any CPU
		{FBE03F7F-36F3-48EB-A13F-F70501B04E98}.Release|Any CPU.Build.0 = Release|Any CPU
	EndGlobalSection
	GlobalSection(SolutionProperties) = preSolution
		HideSolutionNode = FALSE
	EndGlobalSection
	GlobalSection(ExtensibilityGlobals) = postSolution
		SolutionGuid = {12957A49-E302-404C-A431-66569C5F2FAF}
	EndGlobalSection
EndGlobal
